
Microsoft Visual Studio Solution File, Format Version 12.00
# Visual Studio Version 16
VisualStudioVersion = 16.0.31005.135
MinimumVisualStudioVersion = 10.0.40219.1
Project("{FAE04EC0-301F-11D3-BF4B-00C04F79EFBC}") = "ExampleConsole01", "ExampleConsole01\ExampleConsole01.csproj", "{EAC77DB7-042E-464E-934F-E47091E3E5D9}"
EndProject
Project("{FAE04EC0-301F-11D3-BF4B-00C04F79EFBC}") = "ExampleWPF01", "ExampleWPF01\ExampleWPF01.csproj", "{AB14E98C-7205-4FB4-8A6C-CFD744FEA043}"
EndProject
Global
	GlobalSection(SolutionConfigurationPlatforms) = preSolution
		Debug|Any CPU = Debug|Any CPU
		Release|Any CPU = Release|Any CPU
	EndGlobalSection
	GlobalSection(ProjectConfigurationPlatforms) = postSolution
		{EAC77DB7-042E-464E-934F-E47091E3E5D9}.Debug|Any CPU.ActiveCfg = Debug|Any CPU
		{EAC77DB7-042E-464E-934F-E47091E3E5D9}.Debug|Any CPU.Build.0 = Debug|Any CPU
		{EAC77DB7-042E-464E-934F-E47091E3E5D9}.Release|Any CPU.ActiveCfg = Release|Any CPU
		{EAC77DB7-042E-464E-934F-E47091E3E5D9}.Release|Any CPU.Build.0 = Release|Any CPU
		{AB14E98C-7205-4FB4-8A6C-CFD744FEA043}.Debug|Any CPU.ActiveCfg = Debug|Any CPU
		{AB14E98C-7205-4FB4-8A6C-CFD744FEA043}.Debug|Any CPU.Build.0 = Debug|Any CPU
		{AB14E98C-7205-4FB4-8A6C-CFD744FEA043}.Release|Any CPU.ActiveCfg = Release|Any CPU
		{AB14E98C-7205-4FB4-8A6C-CFD744FEA043}.Release|Any CPU.Build.0 = Release|Any CPU
	EndGlobalSection
	GlobalSection(SolutionProperties) = preSolution
		HideSolutionNode = FALSE
	EndGlobalSection
	GlobalSection(ExtensibilityGlobals) = postSolution
		SolutionGuid = {25CD5A85-2D84-48F2-99C0-1F69246CD2FE}
	EndGlobalSection
EndGlobal
